
Microsoft Visual Studio Solution File, Format Version 12.00
# Visual Studio Version 17
VisualStudioVersion = 17.7.34024.191
MinimumVisualStudioVersion = 10.0.40219.1
Project("{FAE04EC0-301F-11D3-BF4B-00C04F79EFBC}") = "server1", "server1\server1.csproj", "{8C90CB71-BCDF-4838-9A0A-D39F4FE2F0F3}"
EndProject
Global
	GlobalSection(SolutionConfigurationPlatforms) = preSolution
		Debug|Any CPU = Debug|Any CPU
		Release|Any CPU = Release|Any CPU
	EndGlobalSection
	GlobalSection(ProjectConfigurationPlatforms) = postSolution
		{8C90CB71-BCDF-4838-9A0A-D39F4FE2F0F3}.Debug|Any CPU.ActiveCfg = Debug|Any CPU
		{8C90CB71-BCDF-4838-9A0A-D39F4FE2F0F3}.Debug|Any CPU.Build.0 = Debug|Any CPU
		{8C90CB71-BCDF-4838-9A0A-D39F4FE2F0F3}.Release|Any CPU.ActiveCfg = Release|Any CPU
		{8C90CB71-BCDF-4838-9A0A-D39F4FE2F0F3}.Release|Any CPU.Build.0 = Release|Any CPU
	EndGlobalSection
	GlobalSection(SolutionProperties) = preSolution
		HideSolutionNode = FALSE
	EndGlobalSection
	GlobalSection(ExtensibilityGlobals) = postSolution
		SolutionGuid = {BB5B5BA5-A836-4B4D-8842-3CE49319B82D}
	EndGlobalSection
EndGlobal
